
Microsoft Visual Studio Solution File, Format Version 12.00
# Visual Studio Version 17
VisualStudioVersion = 17.12.35506.116
MinimumVisualStudioVersion = 10.0.40219.1
Project("{2150E333-8FDC-42A3-9474-1A3956D46DE8}") = "ApiGateway", "ApiGateway", "{E54BC99F-0FF3-4292-91FC-28036BC84AE1}"
EndProject
Project("{2150E333-8FDC-42A3-9474-1A3956D46DE8}") = "Services", "Services", "{57D06649-210C-44A1-8EE9-7A90D3C6F34F}"
EndProject
Project("{2150E333-8FDC-42A3-9474-1A3956D46DE8}") = "Booking", "Booking", "{538A05A6-7C4E-4BFF-992E-CC5B6702E9B0}"
EndProject
Project("{FAE04EC0-301F-11D3-BF4B-00C04F79EFBC}") = "Booking.Application", "Booking.Application\Booking.Application.csproj", "{D7957489-345F-4CB6-8535-D2B938067DD6}"
EndProject
Project("{2150E333-8FDC-42A3-9474-1A3956D46DE8}") = "src", "src", "{314BC44E-032C-49CD-8482-E41BCCAF7403}"
EndProject
Project("{FAE04EC0-301F-11D3-BF4B-00C04F79EFBC}") = "Booking.Domain", "Booking.Domain\Booking.Domain.csproj", "{D4ACB0A8-DA77-4F9F-BBF5-40AF4E954E9A}"
EndProject
Project("{FAE04EC0-301F-11D3-BF4B-00C04F79EFBC}") = "Booking.Infrastructure", "Booking.DB\Booking.Infrastructure.csproj", "{A10F5814-6525-4020-85ED-56749ABBB405}"
EndProject
Project("{FAE04EC0-301F-11D3-BF4B-00C04F79EFBC}") = "Booking.Api", "Booking.Api\Booking.Api.csproj", "{A5D96076-A9C3-47DD-86E3-5A3E1F044168}"
EndProject
Project("{2150E333-8FDC-42A3-9474-1A3956D46DE8}") = "Flights", "Flights", "{9548CD1F-739A-4D66-881C-1827C942C9D7}"
EndProject
Project("{2150E333-8FDC-42A3-9474-1A3956D46DE8}") = "Passenger", "Passenger", "{32430B2A-D429-4596-9B16-794D017178E0}"
EndProject
Project("{2150E333-8FDC-42A3-9474-1A3956D46DE8}") = "Payment", "Payment", "{207369C4-D8E7-444A-B10F-0A82E44CAD5C}"
EndProject
Project("{2150E333-8FDC-42A3-9474-1A3956D46DE8}") = "Notification", "Notification", "{A9488D65-748B-485C-8372-63E1806C192E}"
EndProject
Project("{2150E333-8FDC-42A3-9474-1A3956D46DE8}") = "Shared", "Shared", "{45F3A046-7FA6-4A46-A447-E5036EC51CD2}"
EndProject
Project("{2150E333-8FDC-42A3-9474-1A3956D46DE8}") = "src", "src", "{058FC317-3DE4-48AF-B02D-390564C892DC}"
EndProject
Project("{FAE04EC0-301F-11D3-BF4B-00C04F79EFBC}") = "ApiGateway", "ApiGateway\ApiGateway.csproj", "{F2A5F3F7-DD3A-4FDC-A670-B1C1649AEE03}"
EndProject
Global
	GlobalSection(SolutionConfigurationPlatforms) = preSolution
		Debug|Any CPU = Debug|Any CPU
		Release|Any CPU = Release|Any CPU
	EndGlobalSection
	GlobalSection(ProjectConfigurationPlatforms) = postSolution
		{D7957489-345F-4CB6-8535-D2B938067DD6}.Debug|Any CPU.ActiveCfg = Debug|Any CPU
		{D7957489-345F-4CB6-8535-D2B938067DD6}.Debug|Any CPU.Build.0 = Debug|Any CPU
		{D7957489-345F-4CB6-8535-D2B938067DD6}.Release|Any CPU.ActiveCfg = Release|Any CPU
		{D7957489-345F-4CB6-8535-D2B938067DD6}.Release|Any CPU.Build.0 = Release|Any CPU
		{D4ACB0A8-DA77-4F9F-BBF5-40AF4E954E9A}.Debug|Any CPU.ActiveCfg = Debug|Any CPU
		{D4ACB0A8-DA77-4F9F-BBF5-40AF4E954E9A}.Debug|Any CPU.Build.0 = Debug|Any CPU
		{D4ACB0A8-DA77-4F9F-BBF5-40AF4E954E9A}.Release|Any CPU.ActiveCfg = Release|Any CPU
		{D4ACB0A8-DA77-4F9F-BBF5-40AF4E954E9A}.Release|Any CPU.Build.0 = Release|Any CPU
		{A10F5814-6525-4020-85ED-56749ABBB405}.Debug|Any CPU.ActiveCfg = Debug|Any CPU
		{A10F5814-6525-4020-85ED-56749ABBB405}.Debug|Any CPU.Build.0 = Debug|Any CPU
		{A10F5814-6525-4020-85ED-56749ABBB405}.Release|Any CPU.ActiveCfg = Release|Any CPU
		{A10F5814-6525-4020-85ED-56749ABBB405}.Release|Any CPU.Build.0 = Release|Any CPU
		{A5D96076-A9C3-47DD-86E3-5A3E1F044168}.Debug|Any CPU.ActiveCfg = Debug|Any CPU
		{A5D96076-A9C3-47DD-86E3-5A3E1F044168}.Debug|Any CPU.Build.0 = Debug|Any CPU
		{A5D96076-A9C3-47DD-86E3-5A3E1F044168}.Release|Any CPU.ActiveCfg = Release|Any CPU
		{A5D96076-A9C3-47DD-86E3-5A3E1F044168}.Release|Any CPU.Build.0 = Release|Any CPU
		{F2A5F3F7-DD3A-4FDC-A670-B1C1649AEE03}.Debug|Any CPU.ActiveCfg = Debug|Any CPU
		{F2A5F3F7-DD3A-4FDC-A670-B1C1649AEE03}.Debug|Any CPU.Build.0 = Debug|Any CPU
		{F2A5F3F7-DD3A-4FDC-A670-B1C1649AEE03}.Release|Any CPU.ActiveCfg = Release|Any CPU
		{F2A5F3F7-DD3A-4FDC-A670-B1C1649AEE03}.Release|Any CPU.Build.0 = Release|Any CPU
	EndGlobalSection
	GlobalSection(SolutionProperties) = preSolution
		HideSolutionNode = FALSE
	EndGlobalSection
	GlobalSection(NestedProjects) = preSolution
		{538A05A6-7C4E-4BFF-992E-CC5B6702E9B0} = {57D06649-210C-44A1-8EE9-7A90D3C6F34F}
		{D7957489-345F-4CB6-8535-D2B938067DD6} = {314BC44E-032C-49CD-8482-E41BCCAF7403}
		{314BC44E-032C-49CD-8482-E41BCCAF7403} = {538A05A6-7C4E-4BFF-992E-CC5B6702E9B0}
		{D4ACB0A8-DA77-4F9F-BBF5-40AF4E954E9A} = {314BC44E-032C-49CD-8482-E41BCCAF7403}
		{A10F5814-6525-4020-85ED-56749ABBB405} = {314BC44E-032C-49CD-8482-E41BCCAF7403}
		{A5D96076-A9C3-47DD-86E3-5A3E1F044168} = {314BC44E-032C-49CD-8482-E41BCCAF7403}
		{9548CD1F-739A-4D66-881C-1827C942C9D7} = {57D06649-210C-44A1-8EE9-7A90D3C6F34F}
		{32430B2A-D429-4596-9B16-794D017178E0} = {57D06649-210C-44A1-8EE9-7A90D3C6F34F}
		{207369C4-D8E7-444A-B10F-0A82E44CAD5C} = {57D06649-210C-44A1-8EE9-7A90D3C6F34F}
		{A9488D65-748B-485C-8372-63E1806C192E} = {57D06649-210C-44A1-8EE9-7A90D3C6F34F}
		{058FC317-3DE4-48AF-B02D-390564C892DC} = {E54BC99F-0FF3-4292-91FC-28036BC84AE1}
		{F2A5F3F7-DD3A-4FDC-A670-B1C1649AEE03} = {058FC317-3DE4-48AF-B02D-390564C892DC}
	EndGlobalSection
EndGlobal
